<?xml version="1.0" encoding="utf-8"?>
<Project ToolsVersion="4.0" xmlns="http://schemas.microsoft.com/developer/msbuild/2003">
  <ItemGroup>
    <Filter Include="Arquivos de Origem">
      <UniqueIdentifier>{4FC737F1-C7A5-4376-A066-2A32D752A2FF}</UniqueIdentifier>
      <Extensions>cpp;c;cc;cxx;c++;def;odl;idl;hpj;bat;asm;asmx</Extensions>
    </Filter>
    <Filter Include="Arquivos de Cabeçalho">
      <UniqueIdentifier>{93995380-89BD-4b04-88EB-625FBE52EBFB}</UniqueIdentifier>
      <Extensions>h;hh;hpp;hxx;h++;hm;inl;inc;ipp;xsd</Extensions>
    </Filter>
    <Filter Include="Arquivos de Recurso">
      <UniqueIdentifier>{67DA6AB6-F800-4c08-8B7A-83BB121AAD01}</UniqueIdentifier>
      <Extensions>rc;ico;cur;bmp;dlg;rc2;rct;bin;rgs;gif;jpg;jpeg;jpe;resx;tiff;tif;png;wav;mfcribbon-ms</Extensions>
    </Filter>
  </ItemGroup>
  <ItemGroup>
    <ClInclude Include="include\libserialport.h">
      <Filter>Arquivos de Cabeçalho</Filter>
    </ClInclude>
    <ClInclude Include="mqtt\mqtt.h">
      <Filter>Arquivos de Cabeçalho</Filter>
    </ClInclude>
    <ClInclude Include="sms\sms.h">
      <Filter>Arquivos de Cabeçalho</Filter>
    </ClInclude>
    <ClInclude Include="tcp\tcp.h">
      <Filter>Arquivos de Cabeçalho</Filter>
    </ClInclude>
    <ClInclude Include="common\common.h">
      <Filter>Arquivos de Cabeçalho</Filter>
    </ClInclude>
    <ClInclude Include="udp\udp.h">
      <Filter>Arquivos de Cabeçalho</Filter>
    </ClInclude>
    <ClInclude Include="dealm\asn1\asn1.h">
      <Filter>Arquivos de Cabeçalho</Filter>
    </ClInclude>
    <ClInclude Include="dealm\crc\checksum.h">
      <Filter>Arquivos de Cabeçalho</Filter>
    </ClInclude>
    <ClInclude Include="dealm\endian\endian.h">
      <Filter>Arquivos de Cabeçalho</Filter>
    </ClInclude>
    <ClInclude Include="dealm\data.h">
      <Filter>Arquivos de Cabeçalho</Filter>
    </ClInclude>
    <ClInclude Include="dealm\dea_objects.h">
      <Filter>Arquivos de Cabeçalho</Filter>
    </ClInclude>
    <ClInclude Include="dealm\dealm.h">
      <Filter>Arquivos de Cabeçalho</Filter>
    </ClInclude>
    <ClInclude Include="dealm\dealm_debug.h">
      <Filter>Arquivos de Cabeçalho</Filter>
    </ClInclude>
    <ClInclude Include="dealm\status.h">
      <Filter>Arquivos de Cabeçalho</Filter>
    </ClInclude>
  </ItemGroup>
  <ItemGroup>
    <Library Include="libs\libserialport.lib" />
    <Library Include="C:\Program Files (x86)\Windows Kits\10\Lib\10.0.19041.0\um\x64\SetupAPI.Lib" />
  </ItemGroup>
  <ItemGroup>
    <ClCompile Include="serialTest.c">
      <Filter>Arquivos de Origem</Filter>
    </ClCompile>
    <ClCompile Include="mqtt\mqtt.c">
      <Filter>Arquivos de Origem</Filter>
    </ClCompile>
    <ClCompile Include="sms\sms.c">
      <Filter>Arquivos de Origem</Filter>
    </ClCompile>
    <ClCompile Include="tcp\tcp.c">
      <Filter>Arquivos de Origem</Filter>
    </ClCompile>
    <ClCompile Include="common\common.c">
      <Filter>Arquivos de Origem</Filter>
    </ClCompile>
    <ClCompile Include="udp\udp.c">
      <Filter>Arquivos de Origem</Filter>
    </ClCompile>
    <ClCompile Include="dealm\asn1\asn1.c">
      <Filter>Arquivos de Origem</Filter>
    </ClCompile>
    <ClCompile Include="dealm\crc\crc8.c">
      <Filter>Arquivos de Origem</Filter>
    </ClCompile>
    <ClCompile Include="dealm\crc\crc16.c">
      <Filter>Arquivos de Origem</Filter>
    </ClCompile>
    <ClCompile Include="dealm\crc\crc32.c">
      <Filter>Arquivos de Origem</Filter>
    </ClCompile>
    <ClCompile Include="dealm\crc\crcccitt.c">
      <Filter>Arquivos de Origem</Filter>
    </ClCompile>
    <ClCompile Include="dealm\crc\crcdnp.c">
      <Filter>Arquivos de Origem</Filter>
    </ClCompile>
    <ClCompile Include="dealm\crc\crckrmit.c">
      <Filter>Arquivos de Origem</Filter>
    </ClCompile>
    <ClCompile Include="dealm\crc\crcsick.c">
      <Filter>Arquivos de Origem</Filter>
    </ClCompile>
    <ClCompile Include="dealm\crc\nmea-chk.c">
      <Filter>Arquivos de Origem</Filter>
    </ClCompile>
    <ClCompile Include="dealm\endian\endian.c">
      <Filter>Arquivos de Origem</Filter>
    </ClCompile>
    <ClCompile Include="dealm\data.c">
      <Filter>Arquivos de Origem</Filter>
    </ClCompile>
    <ClCompile Include="dealm\dea_objects.c">
      <Filter>Arquivos de Origem</Filter>
    </ClCompile>
    <ClCompile Include="dealm\dealm.c">
      <Filter>Arquivos de Origem</Filter>
    </ClCompile>
    <ClCompile Include="dealm\dealm_debug.c">
      <Filter>Arquivos de Origem</Filter>
    </ClCompile>
  </ItemGroup>
</Project>